
Microsoft Visual Studio Solution File, Format Version 12.00
# Visual Studio Version 17
VisualStudioVersion = 17.14.36429.23 d17.14
MinimumVisualStudioVersion = 10.0.40219.1
Project("{FAE04EC0-301F-11D3-BF4B-00C04F79EFBC}") = "DemoTest", "DemoTest\DemoTest.csproj", "{D970AD89-A4EA-490E-BFC4-C26E40096108}"
EndProject
Project("{FAE04EC0-301F-11D3-BF4B-00C04F79EFBC}") = "DemoTest_Unit", "DemoTest_Unit\DemoTest_Unit.csproj", "{5B3E4DD4-4899-4821-8AA1-40D8493D7E3E}"
EndProject
Project("{FAE04EC0-301F-11D3-BF4B-00C04F79EFBC}") = "MSTestDemo", "MSTestDemo\MSTestDemo.csproj", "{42036EFA-1070-4E81-B946-8735CBC1BEF5}"
EndProject
Global
	GlobalSection(SolutionConfigurationPlatforms) = preSolution
		Debug|Any CPU = Debug|Any CPU
		Release|Any CPU = Release|Any CPU
	EndGlobalSection
	GlobalSection(ProjectConfigurationPlatforms) = postSolution
		{D970AD89-A4EA-490E-BFC4-C26E40096108}.Debug|Any CPU.ActiveCfg = Debug|Any CPU
		{D970AD89-A4EA-490E-BFC4-C26E40096108}.Debug|Any CPU.Build.0 = Debug|Any CPU
		{D970AD89-A4EA-490E-BFC4-C26E40096108}.Release|Any CPU.ActiveCfg = Release|Any CPU
		{D970AD89-A4EA-490E-BFC4-C26E40096108}.Release|Any CPU.Build.0 = Release|Any CPU
		{5B3E4DD4-4899-4821-8AA1-40D8493D7E3E}.Debug|Any CPU.ActiveCfg = Debug|Any CPU
		{5B3E4DD4-4899-4821-8AA1-40D8493D7E3E}.Debug|Any CPU.Build.0 = Debug|Any CPU
		{5B3E4DD4-4899-4821-8AA1-40D8493D7E3E}.Release|Any CPU.ActiveCfg = Release|Any CPU
		{5B3E4DD4-4899-4821-8AA1-40D8493D7E3E}.Release|Any CPU.Build.0 = Release|Any CPU
		{42036EFA-1070-4E81-B946-8735CBC1BEF5}.Debug|Any CPU.ActiveCfg = Debug|Any CPU
		{42036EFA-1070-4E81-B946-8735CBC1BEF5}.Debug|Any CPU.Build.0 = Debug|Any CPU
		{42036EFA-1070-4E81-B946-8735CBC1BEF5}.Release|Any CPU.ActiveCfg = Release|Any CPU
		{42036EFA-1070-4E81-B946-8735CBC1BEF5}.Release|Any CPU.Build.0 = Release|Any CPU
	EndGlobalSection
	GlobalSection(SolutionProperties) = preSolution
		HideSolutionNode = FALSE
	EndGlobalSection
	GlobalSection(ExtensibilityGlobals) = postSolution
		SolutionGuid = {2F59AA74-822B-409D-8366-5BF68FA9CECF}
	EndGlobalSection
EndGlobal
