
Microsoft Visual Studio Solution File, Format Version 12.00
# Visual Studio Version 17
VisualStudioVersion = 17.14.36429.23 d17.14
MinimumVisualStudioVersion = 10.0.40219.1
Project("{FAE04EC0-301F-11D3-BF4B-00C04F79EFBC}") = "ConsoleApp1", "ConsoleApp1\ConsoleApp1.csproj", "{7452271B-8281-4729-8979-A224AA69FFBF}"
EndProject
Global
	GlobalSection(SolutionConfigurationPlatforms) = preSolution
		Debug|Any CPU = Debug|Any CPU
		Release|Any CPU = Release|Any CPU
	EndGlobalSection
	GlobalSection(ProjectConfigurationPlatforms) = postSolution
		{7452271B-8281-4729-8979-A224AA69FFBF}.Debug|Any CPU.ActiveCfg = Debug|Any CPU
		{7452271B-8281-4729-8979-A224AA69FFBF}.Debug|Any CPU.Build.0 = Debug|Any CPU
		{7452271B-8281-4729-8979-A224AA69FFBF}.Release|Any CPU.ActiveCfg = Release|Any CPU
		{7452271B-8281-4729-8979-A224AA69FFBF}.Release|Any CPU.Build.0 = Release|Any CPU
	EndGlobalSection
	GlobalSection(SolutionProperties) = preSolution
		HideSolutionNode = FALSE
	EndGlobalSection
	GlobalSection(ExtensibilityGlobals) = postSolution
		SolutionGuid = {0B7F2F7F-536F-49F5-80FF-572F4DBE3E05}
	EndGlobalSection
EndGlobal
